
Microsoft Visual Studio Solution File, Format Version 12.00
# Visual Studio Version 17
VisualStudioVersion = 17.11.35327.3
MinimumVisualStudioVersion = 10.0.40219.1
Project("{FAE04EC0-301F-11D3-BF4B-00C04F79EFBC}") = "html", "html\html.csproj", "{5846B210-863B-44CA-B67E-0116963327A0}"
EndProject
Global
	GlobalSection(SolutionConfigurationPlatforms) = preSolution
		Debug|Any CPU = Debug|Any CPU
		Release|Any CPU = Release|Any CPU
	EndGlobalSection
	GlobalSection(ProjectConfigurationPlatforms) = postSolution
		{5846B210-863B-44CA-B67E-0116963327A0}.Debug|Any CPU.ActiveCfg = Debug|Any CPU
		{5846B210-863B-44CA-B67E-0116963327A0}.Debug|Any CPU.Build.0 = Debug|Any CPU
		{5846B210-863B-44CA-B67E-0116963327A0}.Release|Any CPU.ActiveCfg = Release|Any CPU
		{5846B210-863B-44CA-B67E-0116963327A0}.Release|Any CPU.Build.0 = Release|Any CPU
	EndGlobalSection
	GlobalSection(SolutionProperties) = preSolution
		HideSolutionNode = FALSE
	EndGlobalSection
	GlobalSection(ExtensibilityGlobals) = postSolution
		SolutionGuid = {8ADCD7E5-AD98-48DC-98BD-96759830D7C5}
	EndGlobalSection
EndGlobal
